
Microsoft Visual Studio Solution File, Format Version 12.00
# Visual Studio Version 16
VisualStudioVersion = 16.0.30711.63
MinimumVisualStudioVersion = 10.0.40219.1
Project("{6EC3EE1D-3C4E-46DD-8F32-0CC8E7565705}") = "Day 1", "Day 1\Day 1.fsproj", "{C1A03CF1-4965-4752-8F9B-B02684FADE9D}"
EndProject
Project("{6EC3EE1D-3C4E-46DD-8F32-0CC8E7565705}") = "Day 2", "Day 2\Day 2.fsproj", "{BBCED3FB-485C-4D07-8A5F-F9FBDD6FC953}"
EndProject
Project("{6EC3EE1D-3C4E-46DD-8F32-0CC8E7565705}") = "Day 3", "Day 3\Day 3.fsproj", "{7FE6352C-FCD0-4785-9A34-8F706B5696A8}"
EndProject
Project("{6EC3EE1D-3C4E-46DD-8F32-0CC8E7565705}") = "Day 4", "Day 4\Day 4.fsproj", "{7406A21A-6629-4014-A962-894F28E0A6F5}"
EndProject
Project("{6EC3EE1D-3C4E-46DD-8F32-0CC8E7565705}") = "Day 5", "Day 5\Day 5.fsproj", "{19B566D5-DCF9-40F8-8B36-63F151025D05}"
EndProject
Project("{6EC3EE1D-3C4E-46DD-8F32-0CC8E7565705}") = "Day 6", "Day 6\Day 6.fsproj", "{2F730973-F9A7-40C3-85E9-CDEFA6A6BDEF}"
EndProject
Project("{6EC3EE1D-3C4E-46DD-8F32-0CC8E7565705}") = "Day 7", "Day 7\Day 7.fsproj", "{4C35D721-D46D-4DB4-8F73-B3B1D71CC705}"
EndProject
Project("{6EC3EE1D-3C4E-46DD-8F32-0CC8E7565705}") = "Day 8", "Day 8\Day 8.fsproj", "{CC9D036D-798B-47C2-A155-EE2CAF5C3CB9}"
EndProject
Project("{6EC3EE1D-3C4E-46DD-8F32-0CC8E7565705}") = "Day 9", "Day 9\Day 9.fsproj", "{29088AF3-6B4F-4384-8CDC-0E53972CDB26}"
EndProject
Project("{6EC3EE1D-3C4E-46DD-8F32-0CC8E7565705}") = "Day 10", "Day 10\Day 10.fsproj", "{06FBB3B3-7D2F-42EB-86E1-37C4E1143051}"
EndProject
Project("{6EC3EE1D-3C4E-46DD-8F32-0CC8E7565705}") = "Day 11", "Day 11\Day 11.fsproj", "{518B1FBA-9A0A-4F46-A3DE-697CB9C25629}"
EndProject
Project("{6EC3EE1D-3C4E-46DD-8F32-0CC8E7565705}") = "Day 12", "Day 12\Day 12.fsproj", "{2A2DF100-7C72-4DEE-9ADB-82AF7D566F6C}"
EndProject
Project("{6EC3EE1D-3C4E-46DD-8F32-0CC8E7565705}") = "Day 13", "Day 13\Day 13.fsproj", "{EE0F2ECF-27D6-4667-83F9-00268BAC6656}"
EndProject
Project("{6EC3EE1D-3C4E-46DD-8F32-0CC8E7565705}") = "Day 14", "Day 14\Day 14.fsproj", "{F3D233DA-EDF2-4ACB-9CFA-8D7087A7D23B}"
EndProject
Project("{6EC3EE1D-3C4E-46DD-8F32-0CC8E7565705}") = "Day 15", "Day 15\Day 15.fsproj", "{61CE00A4-CEF4-4BE4-8A30-8092674D6AD1}"
EndProject
Project("{6EC3EE1D-3C4E-46DD-8F32-0CC8E7565705}") = "Day 18", "Day 18\Day 18.fsproj", "{B8D6B6FE-55CC-4DA2-9E51-A3BCD6AD99D5}"
EndProject
Project("{2150E333-8FDC-42A3-9474-1A3956D46DE8}") = "Solution Items", "Solution Items", "{F5D9D181-B175-4523-8218-DC7425F46E41}"
	ProjectSection(SolutionItems) = preProject
		README.md = README.md
	EndProjectSection
EndProject
Project("{6EC3EE1D-3C4E-46DD-8F32-0CC8E7565705}") = "Day 19", "Day 19\Day 19.fsproj", "{C90356C0-E24F-49FD-9A23-82B4268E31A5}"
EndProject
Project("{6EC3EE1D-3C4E-46DD-8F32-0CC8E7565705}") = "Day 20", "Day 20\Day 20.fsproj", "{8F14CB3F-82D7-4E8A-ACA5-CE5F1A1B3017}"
EndProject
Project("{6EC3EE1D-3C4E-46DD-8F32-0CC8E7565705}") = "Day 21", "Day 21\Day 21.fsproj", "{A095A47A-7D40-4251-BB29-54F4EC186500}"
EndProject
Project("{6EC3EE1D-3C4E-46DD-8F32-0CC8E7565705}") = "Day 16", "Day 16\Day 16.fsproj", "{5B00957B-B48B-4F57-BFC7-3FCF5113F2B7}"
EndProject
Global
	GlobalSection(SolutionConfigurationPlatforms) = preSolution
		Debug|Any CPU = Debug|Any CPU
		Release|Any CPU = Release|Any CPU
	EndGlobalSection
	GlobalSection(ProjectConfigurationPlatforms) = postSolution
		{C1A03CF1-4965-4752-8F9B-B02684FADE9D}.Debug|Any CPU.ActiveCfg = Debug|Any CPU
		{C1A03CF1-4965-4752-8F9B-B02684FADE9D}.Debug|Any CPU.Build.0 = Debug|Any CPU
		{C1A03CF1-4965-4752-8F9B-B02684FADE9D}.Release|Any CPU.ActiveCfg = Release|Any CPU
		{C1A03CF1-4965-4752-8F9B-B02684FADE9D}.Release|Any CPU.Build.0 = Release|Any CPU
		{BBCED3FB-485C-4D07-8A5F-F9FBDD6FC953}.Debug|Any CPU.ActiveCfg = Debug|Any CPU
		{BBCED3FB-485C-4D07-8A5F-F9FBDD6FC953}.Debug|Any CPU.Build.0 = Debug|Any CPU
		{BBCED3FB-485C-4D07-8A5F-F9FBDD6FC953}.Release|Any CPU.ActiveCfg = Release|Any CPU
		{BBCED3FB-485C-4D07-8A5F-F9FBDD6FC953}.Release|Any CPU.Build.0 = Release|Any CPU
		{7FE6352C-FCD0-4785-9A34-8F706B5696A8}.Debug|Any CPU.ActiveCfg = Debug|Any CPU
		{7FE6352C-FCD0-4785-9A34-8F706B5696A8}.Debug|Any CPU.Build.0 = Debug|Any CPU
		{7FE6352C-FCD0-4785-9A34-8F706B5696A8}.Release|Any CPU.ActiveCfg = Release|Any CPU
		{7FE6352C-FCD0-4785-9A34-8F706B5696A8}.Release|Any CPU.Build.0 = Release|Any CPU
		{7406A21A-6629-4014-A962-894F28E0A6F5}.Debug|Any CPU.ActiveCfg = Debug|Any CPU
		{7406A21A-6629-4014-A962-894F28E0A6F5}.Debug|Any CPU.Build.0 = Debug|Any CPU
		{7406A21A-6629-4014-A962-894F28E0A6F5}.Release|Any CPU.ActiveCfg = Release|Any CPU
		{7406A21A-6629-4014-A962-894F28E0A6F5}.Release|Any CPU.Build.0 = Release|Any CPU
		{19B566D5-DCF9-40F8-8B36-63F151025D05}.Debug|Any CPU.ActiveCfg = Debug|Any CPU
		{19B566D5-DCF9-40F8-8B36-63F151025D05}.Debug|Any CPU.Build.0 = Debug|Any CPU
		{19B566D5-DCF9-40F8-8B36-63F151025D05}.Release|Any CPU.ActiveCfg = Release|Any CPU
		{19B566D5-DCF9-40F8-8B36-63F151025D05}.Release|Any CPU.Build.0 = Release|Any CPU
		{2F730973-F9A7-40C3-85E9-CDEFA6A6BDEF}.Debug|Any CPU.ActiveCfg = Debug|Any CPU
		{2F730973-F9A7-40C3-85E9-CDEFA6A6BDEF}.Debug|Any CPU.Build.0 = Debug|Any CPU
		{2F730973-F9A7-40C3-85E9-CDEFA6A6BDEF}.Release|Any CPU.ActiveCfg = Release|Any CPU
		{2F730973-F9A7-40C3-85E9-CDEFA6A6BDEF}.Release|Any CPU.Build.0 = Release|Any CPU
		{4C35D721-D46D-4DB4-8F73-B3B1D71CC705}.Debug|Any CPU.ActiveCfg = Debug|Any CPU
		{4C35D721-D46D-4DB4-8F73-B3B1D71CC705}.Debug|Any CPU.Build.0 = Debug|Any CPU
		{4C35D721-D46D-4DB4-8F73-B3B1D71CC705}.Release|Any CPU.ActiveCfg = Release|Any CPU
		{4C35D721-D46D-4DB4-8F73-B3B1D71CC705}.Release|Any CPU.Build.0 = Release|Any CPU
		{CC9D036D-798B-47C2-A155-EE2CAF5C3CB9}.Debug|Any CPU.ActiveCfg = Debug|Any CPU
		{CC9D036D-798B-47C2-A155-EE2CAF5C3CB9}.Debug|Any CPU.Build.0 = Debug|Any CPU
		{CC9D036D-798B-47C2-A155-EE2CAF5C3CB9}.Release|Any CPU.ActiveCfg = Release|Any CPU
		{CC9D036D-798B-47C2-A155-EE2CAF5C3CB9}.Release|Any CPU.Build.0 = Release|Any CPU
		{29088AF3-6B4F-4384-8CDC-0E53972CDB26}.Debug|Any CPU.ActiveCfg = Debug|Any CPU
		{29088AF3-6B4F-4384-8CDC-0E53972CDB26}.Debug|Any CPU.Build.0 = Debug|Any CPU
		{29088AF3-6B4F-4384-8CDC-0E53972CDB26}.Release|Any CPU.ActiveCfg = Release|Any CPU
		{29088AF3-6B4F-4384-8CDC-0E53972CDB26}.Release|Any CPU.Build.0 = Release|Any CPU
		{06FBB3B3-7D2F-42EB-86E1-37C4E1143051}.Debug|Any CPU.ActiveCfg = Debug|Any CPU
		{06FBB3B3-7D2F-42EB-86E1-37C4E1143051}.Debug|Any CPU.Build.0 = Debug|Any CPU
		{06FBB3B3-7D2F-42EB-86E1-37C4E1143051}.Release|Any CPU.ActiveCfg = Release|Any CPU
		{06FBB3B3-7D2F-42EB-86E1-37C4E1143051}.Release|Any CPU.Build.0 = Release|Any CPU
		{518B1FBA-9A0A-4F46-A3DE-697CB9C25629}.Debug|Any CPU.ActiveCfg = Debug|Any CPU
		{518B1FBA-9A0A-4F46-A3DE-697CB9C25629}.Debug|Any CPU.Build.0 = Debug|Any CPU
		{518B1FBA-9A0A-4F46-A3DE-697CB9C25629}.Release|Any CPU.ActiveCfg = Release|Any CPU
		{518B1FBA-9A0A-4F46-A3DE-697CB9C25629}.Release|Any CPU.Build.0 = Release|Any CPU
		{2A2DF100-7C72-4DEE-9ADB-82AF7D566F6C}.Debug|Any CPU.ActiveCfg = Debug|Any CPU
		{2A2DF100-7C72-4DEE-9ADB-82AF7D566F6C}.Debug|Any CPU.Build.0 = Debug|Any CPU
		{2A2DF100-7C72-4DEE-9ADB-82AF7D566F6C}.Release|Any CPU.ActiveCfg = Release|Any CPU
		{2A2DF100-7C72-4DEE-9ADB-82AF7D566F6C}.Release|Any CPU.Build.0 = Release|Any CPU
		{EE0F2ECF-27D6-4667-83F9-00268BAC6656}.Debug|Any CPU.ActiveCfg = Debug|Any CPU
		{EE0F2ECF-27D6-4667-83F9-00268BAC6656}.Debug|Any CPU.Build.0 = Debug|Any CPU
		{EE0F2ECF-27D6-4667-83F9-00268BAC6656}.Release|Any CPU.ActiveCfg = Release|Any CPU
		{EE0F2ECF-27D6-4667-83F9-00268BAC6656}.Release|Any CPU.Build.0 = Release|Any CPU
		{F3D233DA-EDF2-4ACB-9CFA-8D7087A7D23B}.Debug|Any CPU.ActiveCfg = Debug|Any CPU
		{F3D233DA-EDF2-4ACB-9CFA-8D7087A7D23B}.Debug|Any CPU.Build.0 = Debug|Any CPU
		{F3D233DA-EDF2-4ACB-9CFA-8D7087A7D23B}.Release|Any CPU.ActiveCfg = Release|Any CPU
		{F3D233DA-EDF2-4ACB-9CFA-8D7087A7D23B}.Release|Any CPU.Build.0 = Release|Any CPU
		{61CE00A4-CEF4-4BE4-8A30-8092674D6AD1}.Debug|Any CPU.ActiveCfg = Debug|Any CPU
		{61CE00A4-CEF4-4BE4-8A30-8092674D6AD1}.Debug|Any CPU.Build.0 = Debug|Any CPU
		{61CE00A4-CEF4-4BE4-8A30-8092674D6AD1}.Release|Any CPU.ActiveCfg = Release|Any CPU
		{61CE00A4-CEF4-4BE4-8A30-8092674D6AD1}.Release|Any CPU.Build.0 = Release|Any CPU
		{B8D6B6FE-55CC-4DA2-9E51-A3BCD6AD99D5}.Debug|Any CPU.ActiveCfg = Debug|Any CPU
		{B8D6B6FE-55CC-4DA2-9E51-A3BCD6AD99D5}.Debug|Any CPU.Build.0 = Debug|Any CPU
		{B8D6B6FE-55CC-4DA2-9E51-A3BCD6AD99D5}.Release|Any CPU.ActiveCfg = Release|Any CPU
		{B8D6B6FE-55CC-4DA2-9E51-A3BCD6AD99D5}.Release|Any CPU.Build.0 = Release|Any CPU
		{C90356C0-E24F-49FD-9A23-82B4268E31A5}.Debug|Any CPU.ActiveCfg = Debug|Any CPU
		{C90356C0-E24F-49FD-9A23-82B4268E31A5}.Debug|Any CPU.Build.0 = Debug|Any CPU
		{C90356C0-E24F-49FD-9A23-82B4268E31A5}.Release|Any CPU.ActiveCfg = Release|Any CPU
		{C90356C0-E24F-49FD-9A23-82B4268E31A5}.Release|Any CPU.Build.0 = Release|Any CPU
		{8F14CB3F-82D7-4E8A-ACA5-CE5F1A1B3017}.Debug|Any CPU.ActiveCfg = Debug|Any CPU
		{8F14CB3F-82D7-4E8A-ACA5-CE5F1A1B3017}.Debug|Any CPU.Build.0 = Debug|Any CPU
		{8F14CB3F-82D7-4E8A-ACA5-CE5F1A1B3017}.Release|Any CPU.ActiveCfg = Release|Any CPU
		{8F14CB3F-82D7-4E8A-ACA5-CE5F1A1B3017}.Release|Any CPU.Build.0 = Release|Any CPU
		{A095A47A-7D40-4251-BB29-54F4EC186500}.Debug|Any CPU.ActiveCfg = Debug|Any CPU
		{A095A47A-7D40-4251-BB29-54F4EC186500}.Debug|Any CPU.Build.0 = Debug|Any CPU
		{A095A47A-7D40-4251-BB29-54F4EC186500}.Release|Any CPU.ActiveCfg = Release|Any CPU
		{A095A47A-7D40-4251-BB29-54F4EC186500}.Release|Any CPU.Build.0 = Release|Any CPU
		{5B00957B-B48B-4F57-BFC7-3FCF5113F2B7}.Debug|Any CPU.ActiveCfg = Debug|Any CPU
		{5B00957B-B48B-4F57-BFC7-3FCF5113F2B7}.Debug|Any CPU.Build.0 = Debug|Any CPU
		{5B00957B-B48B-4F57-BFC7-3FCF5113F2B7}.Release|Any CPU.ActiveCfg = Release|Any CPU
		{5B00957B-B48B-4F57-BFC7-3FCF5113F2B7}.Release|Any CPU.Build.0 = Release|Any CPU
	EndGlobalSection
	GlobalSection(SolutionProperties) = preSolution
		HideSolutionNode = FALSE
	EndGlobalSection
	GlobalSection(ExtensibilityGlobals) = postSolution
		SolutionGuid = {D42C4877-7115-4868-9D67-309B2194A50C}
	EndGlobalSection
EndGlobal
